
Microsoft Visual Studio Solution File, Format Version 12.00
# Visual Studio Version 16
VisualStudioVersion = 16.0.31410.357
MinimumVisualStudioVersion = 10.0.40219.1
Project("{FAE04EC0-301F-11D3-BF4B-00C04F79EFBC}") = "Travelling_salesman_problem", "Travelling_salesman_problem\Travelling_salesman_problem.csproj", "{23F7F51C-F53A-400F-B8AB-BF47D67F8952}"
EndProject
Global
	GlobalSection(SolutionConfigurationPlatforms) = preSolution
		Debug|Any CPU = Debug|Any CPU
		Release|Any CPU = Release|Any CPU
	EndGlobalSection
	GlobalSection(ProjectConfigurationPlatforms) = postSolution
		{23F7F51C-F53A-400F-B8AB-BF47D67F8952}.Debug|Any CPU.ActiveCfg = Debug|Any CPU
		{23F7F51C-F53A-400F-B8AB-BF47D67F8952}.Debug|Any CPU.Build.0 = Debug|Any CPU
		{23F7F51C-F53A-400F-B8AB-BF47D67F8952}.Release|Any CPU.ActiveCfg = Release|Any CPU
		{23F7F51C-F53A-400F-B8AB-BF47D67F8952}.Release|Any CPU.Build.0 = Release|Any CPU
	EndGlobalSection
	GlobalSection(SolutionProperties) = preSolution
		HideSolutionNode = FALSE
	EndGlobalSection
	GlobalSection(ExtensibilityGlobals) = postSolution
		SolutionGuid = {7FA6B9CA-1273-413B-BD0F-8CD313FF947F}
	EndGlobalSection
EndGlobal
